<Solution>
  <Folder Name="/Solution Items/">
    <File Path=".gitattributes" />
    <File Path=".github/renovate.json" />
    <File Path=".github/workflows/codeql.yml" />
    <File Path=".gitignore" />
    <File Path="README.md" />
  </Folder>
  <Project Path="src/CryptoLabs.csproj" />
</Solution>
