
Microsoft Visual Studio Solution File, Format Version 12.00
# Visual Studio Version 17
VisualStudioVersion = 17.9.34622.214
MinimumVisualStudioVersion = 10.0.40219.1
Project("{FAE04EC0-301F-11D3-BF4B-00C04F79EFBC}") = "CryptoLabs", "CryptoLabs.csproj", "{796E7B38-AF98-4D64-9774-A70A154AE026}"
EndProject
Global
	GlobalSection(SolutionConfigurationPlatforms) = preSolution
		Debug|Any CPU = Debug|Any CPU
		Release|Any CPU = Release|Any CPU
	EndGlobalSection
	GlobalSection(ProjectConfigurationPlatforms) = postSolution
		{796E7B38-AF98-4D64-9774-A70A154AE026}.Debug|Any CPU.ActiveCfg = Debug|Any CPU
		{796E7B38-AF98-4D64-9774-A70A154AE026}.Debug|Any CPU.Build.0 = Debug|Any CPU
		{796E7B38-AF98-4D64-9774-A70A154AE026}.Release|Any CPU.ActiveCfg = Release|Any CPU
		{796E7B38-AF98-4D64-9774-A70A154AE026}.Release|Any CPU.Build.0 = Release|Any CPU
	EndGlobalSection
	GlobalSection(SolutionProperties) = preSolution
		HideSolutionNode = FALSE
	EndGlobalSection
	GlobalSection(ExtensibilityGlobals) = postSolution
		SolutionGuid = {E587B9EC-46A5-42C2-B1C2-400BA4BF3CD7}
	EndGlobalSection
EndGlobal
